{
  "requires": true,
  "lockfileVersion": 1,
  "dependencies": {
    "body-parser": {
      "version": "1.17.2",
      "resolved": "https://registry.npmjs.org/body-parser/-/body-parser-1.17.2.tgz",
      "integrity": "sha1-+IkqvI+eYn1Crtr7yma/WrmRBO4=",
      "dependencies": {
        "debug": {
          "version": "2.6.7",
          "resolved": "https://registry.npmjs.org/debug/-/debug-2.6.7.tgz",
          "integrity": "sha1-krrR9tBbu2u6Isyoi80OyJTChh4="
        }
      }
    },
    "connect-ensure-login": {
      "version": "0.1.1",
      "resolved": "https://registry.npmjs.org/connect-ensure-login/-/connect-ensure-login-0.1.1.tgz",
      "integrity": "sha1-F03MUSQ7nqwj+NmCFa62aU4uihI="
    },
    "cookie-parser": {
      "version": "1.4.3",
      "resolved": "https://registry.npmjs.org/cookie-parser/-/cookie-parser-1.4.3.tgz",
      "integrity": "sha1-D+MfoZ0AC5X0qt8fU/3CuKIDuqU="
    },
    "debug": {
      "version": "3.1.0",
      "resolved": "https://registry.npmjs.org/debug/-/debug-3.1.0.tgz",
      "integrity": "sha512-OX8XqP7/1a9cqkxYw2yXss15f26NKWBpDXQd0/uK/KPqdQhxbPa994hnzjcE2VqQpDslf55723cKPUOGSmMY3g==",
      "requires": {
        "ms": "2.0.0"
      }
    },
    "dotenv": {
      "version": "4.0.0",
      "resolved": "https://registry.npmjs.org/dotenv/-/dotenv-4.0.0.tgz",
      "integrity": "sha1-hk7xN5rO1Vzm+V3r7NzhefegzR0="
    },
    "express": {
      "version": "4.15.4",
      "resolved": "https://registry.npmjs.org/express/-/express-4.15.4.tgz",
      "integrity": "sha1-Ay4iU0ic+PzgJma+yj0R7XotrtE=",
      "dependencies": {
        "qs": {
          "version": "6.5.0",
          "resolved": "https://registry.npmjs.org/qs/-/qs-6.5.0.tgz",
          "integrity": "sha512-fjVFjW9yhqMhVGwRExCXLhJKrLlkYSaxNWdyc9rmHlrVZbk35YHH312dFd7191uQeXkI3mKLZTIbSvIeFwFemg=="
        }
      }
    },
    "express-session": {
      "version": "1.15.5",
      "resolved": "https://registry.npmjs.org/express-session/-/express-session-1.15.5.tgz",
      "integrity": "sha512-BBVy6E/XqjB507wqe5T+7Ia2N/gtur/dT/fKmvGGKQqUrzI4dcBPGJgV4t2ciX7FoxZPhZcKTDTmb4+5nCyQOw=="
    },
    "ms": {
      "version": "2.0.0",
      "resolved": "https://registry.npmjs.org/ms/-/ms-2.0.0.tgz",
      "integrity": "sha1-VgiurfwAvmwpAd9fmGF4jeDVl8g="
    },
    "passport": {
      "version": "0.3.2",
      "resolved": "https://registry.npmjs.org/passport/-/passport-0.3.2.tgz",
      "integrity": "sha1-ndAJ+RXo/glbASSgG4+C2gdRAQI="
    },
    "passport-auth0": {
      "version": "0.6.0",
      "resolved": "https://registry.npmjs.org/passport-auth0/-/passport-auth0-0.6.0.tgz",
      "integrity": "sha1-SlxtBt9CfgqltIc32/+eH9FJNcI="
    },
    "pug": {
      "version": "2.0.0-rc.3",
      "resolved": "https://registry.npmjs.org/pug/-/pug-2.0.0-rc.3.tgz",
      "integrity": "sha512-AGEWoQ6SHw7fNiaioEvAEelAYmFTvMTVAUxf4hUCLb5pb2HmN6yLGb/SwPFFaOiqSdxyxSmBVtL/I4VHOF9UPA=="
    },
    "request": {
      "version": "2.81.0",
      "resolved": "https://registry.npmjs.org/request/-/request-2.81.0.tgz",
      "integrity": "sha1-xpKJRqDgbF+Nb4qTM0af/aRimKA="
    },
    "request-promise": {
      "version": "4.2.1",
      "resolved": "https://registry.npmjs.org/request-promise/-/request-promise-4.2.1.tgz",
      "integrity": "sha1-fuxWyJMXqCLL/qmbA5zlQ8LhX2c="
    }
  }
}
